
Microsoft Visual Studio Solution File, Format Version 12.00
# Visual Studio Version 17
VisualStudioVersion = 17.0.32112.339
MinimumVisualStudioVersion = 10.0.40219.1
Project("{F184B08F-C81C-45F6-A57F-5ABD9991F28F}") = "WindowsApp1", "WindowsApp1\WindowsApp1.vbproj", "{5B6713B0-A533-4304-A5FA-CB9A836F8D7C}"
EndProject
Global
	GlobalSection(SolutionConfigurationPlatforms) = preSolution
		Debug|Any CPU = Debug|Any CPU
		Release|Any CPU = Release|Any CPU
	EndGlobalSection
	GlobalSection(ProjectConfigurationPlatforms) = postSolution
		{5B6713B0-A533-4304-A5FA-CB9A836F8D7C}.Debug|Any CPU.ActiveCfg = Debug|Any CPU
		{5B6713B0-A533-4304-A5FA-CB9A836F8D7C}.Debug|Any CPU.Build.0 = Debug|Any CPU
		{5B6713B0-A533-4304-A5FA-CB9A836F8D7C}.Release|Any CPU.ActiveCfg = Release|Any CPU
		{5B6713B0-A533-4304-A5FA-CB9A836F8D7C}.Release|Any CPU.Build.0 = Release|Any CPU
	EndGlobalSection
	GlobalSection(SolutionProperties) = preSolution
		HideSolutionNode = FALSE
	EndGlobalSection
	GlobalSection(ExtensibilityGlobals) = postSolution
		SolutionGuid = {EFDB4D3B-3D65-435A-AD01-8F4FCEF16013}
	EndGlobalSection
EndGlobal
